// !$*UTF8*$!
{
	archiveVersion = 1;
	classes = {
	};
	objectVersion = 44;
	objects = {

/* Begin PBXAggregateTarget section */
		111AA46D0CE2422B00395A6A /* all */ = {
			isa = PBXAggregateTarget;
			buildConfigurationList = 111AA47C0CE2425400395A6A /* Build configuration list for PBXAggregateTarget "all" */;
			buildPhases = (
			);
			dependencies = (
				111AA4710CE2423400395A6A /* PBXTargetDependency */,
				111AA4730CE2423700395A6A /* PBXTargetDependency */,
				111AA4750CE2423B00395A6A /* PBXTargetDependency */,
				111AA4770CE2423E00395A6A /* PBXTargetDependency */,
				111AB2A20CE2811200395A6A /* PBXTargetDependency */,
			);
			name = all;
			productName = all;
		};
/* End PBXAggregateTarget section */

/* Begin PBXBuildFile section */
		110672070CE1B3C1003ED04A /* Python.framework in Frameworks */ = {isa = PBXBuildFile; fileRef = 110672060CE1B3C1003ED04A /* Python.framework */; };
		1119D43B0CE310A700A3B62A /* save.c in Sources */ = {isa = PBXBuildFile; fileRef = 1119D43A0CE310A700A3B62A /* save.c */; };
		111AA42A0CE2395400395A6A /* libruby.1.8.dylib in Frameworks */ = {isa = PBXBuildFile; fileRef = 111AA4290CE2395400395A6A /* libruby.1.8.dylib */; };
		111AA45B0CE241D200395A6A /* liblua.dylib in Frameworks */ = {isa = PBXBuildFile; fileRef = 111AA45A0CE241D200395A6A /* liblua.dylib */; };
		111AB2620CE27EA900395A6A /* vqobjc.h in Headers */ = {isa = PBXBuildFile; fileRef = 111AB2600CE27EA900395A6A /* vqobjc.h */; };
		111AB2630CE27EA900395A6A /* vqobjc.m in Sources */ = {isa = PBXBuildFile; fileRef = 111AB2610CE27EA900395A6A /* vqobjc.m */; };
		114FBB010CDCE53D000B5611 /* load.c in Sources */ = {isa = PBXBuildFile; fileRef = 114FBB000CDCE53D000B5611 /* load.c */; };
		114FBBF60CDE1157000B5611 /* nullable.c in Sources */ = {isa = PBXBuildFile; fileRef = 114FBBF50CDE1157000B5611 /* nullable.c */; };
		114FBC350CDE301E000B5611 /* mutable.c in Sources */ = {isa = PBXBuildFile; fileRef = 114FBC340CDE301E000B5611 /* mutable.c */; };
		1198A2110CDCBD23008D4837 /* reader.c in Sources */ = {isa = PBXBuildFile; fileRef = 1198A2100CDCBD23008D4837 /* reader.c */; };
		11A808D10CDE9B39000DD818 /* core.c in Sources */ = {isa = PBXBuildFile; fileRef = 111FCE0E0CA5DBFD00C4FBEA /* core.c */; };
		11A824C20CDF7B04000DD818 /* buffer.c in Sources */ = {isa = PBXBuildFile; fileRef = 11A824C10CDF7B04000DD818 /* buffer.c */; };
		11D2FB380CB3A7E3007C57D0 /* vqtcl.c in Sources */ = {isa = PBXBuildFile; fileRef = 11D2FB220CB3A74B007C57D0 /* vqtcl.c */; };
		11D2FB3E0CB3A80F007C57D0 /* vqc.h in Headers */ = {isa = PBXBuildFile; fileRef = 111FCE110CA5DC2100C4FBEA /* vqc.h */; };
		11D2FB3F0CB3A810007C57D0 /* defs.h in Headers */ = {isa = PBXBuildFile; fileRef = 11E080930CA710910000CF5A /* defs.h */; };
/* End PBXBuildFile section */

/* Begin PBXContainerItemProxy section */
		111AA4700CE2423400395A6A /* PBXContainerItemProxy */ = {
			isa = PBXContainerItemProxy;
			containerPortal = 08FB7793FE84155DC02AAC07 /* Project object */;
			proxyType = 1;
			remoteGlobalIDString = 111AA4390CE23ED000395A6A;
			remoteInfo = "vq5lua (dyn)";
		};
		111AA4720CE2423700395A6A /* PBXContainerItemProxy */ = {
			isa = PBXContainerItemProxy;
			containerPortal = 08FB7793FE84155DC02AAC07 /* Project object */;
			proxyType = 1;
			remoteGlobalIDString = 110665130CE1ACA5003ED04A;
			remoteInfo = "vq5py (dyn)";
		};
		111AA4740CE2423B00395A6A /* PBXContainerItemProxy */ = {
			isa = PBXContainerItemProxy;
			containerPortal = 08FB7793FE84155DC02AAC07 /* Project object */;
			proxyType = 1;
			remoteGlobalIDString = 110672410CE218D5003ED04A;
			remoteInfo = "vq5rb (dyn)";
		};
		111AA4760CE2423E00395A6A /* PBXContainerItemProxy */ = {
			isa = PBXContainerItemProxy;
			containerPortal = 08FB7793FE84155DC02AAC07 /* Project object */;
			proxyType = 1;
			remoteGlobalIDString = 11D2FB340CB3A7CB007C57D0;
			remoteInfo = "vq5tcl (dyn)";
		};
		111AB2A10CE2811200395A6A /* PBXContainerItemProxy */ = {
			isa = PBXContainerItemProxy;
			containerPortal = 08FB7793FE84155DC02AAC07 /* Project object */;
			proxyType = 1;
			remoteGlobalIDString = 111AB25A0CE27E6500395A6A;
			remoteInfo = vq5objc;
		};
/* End PBXContainerItemProxy section */

/* Begin PBXFileReference section */
		110665140CE1ACA5003ED04A /* vq5py.so */ = {isa = PBXFileReference; explicitFileType = "compiled.mach-o.dylib"; includeInIndex = 0; path = vq5py.so; sourceTree = BUILT_PRODUCTS_DIR; };
		110672060CE1B3C1003ED04A /* Python.framework */ = {isa = PBXFileReference; lastKnownFileType = wrapper.framework; name = Python.framework; path = /Library/Frameworks/Python.framework; sourceTree = "<absolute>"; };
		110672420CE218D5003ED04A /* vq5rb.dylib */ = {isa = PBXFileReference; explicitFileType = "compiled.mach-o.dylib"; includeInIndex = 0; path = vq5rb.dylib; sourceTree = BUILT_PRODUCTS_DIR; };
		1119D43A0CE310A700A3B62A /* save.c */ = {isa = PBXFileReference; fileEncoding = 4; lastKnownFileType = sourcecode.c.c; name = save.c; path = src/save.c; sourceTree = "<group>"; };
		111AA4290CE2395400395A6A /* libruby.1.8.dylib */ = {isa = PBXFileReference; lastKnownFileType = "compiled.mach-o.dylib"; name = libruby.1.8.dylib; path = /usr/local/lib/libruby.1.8.dylib; sourceTree = "<absolute>"; };
		111AA43A0CE23ED000395A6A /* vq5lua.dylib */ = {isa = PBXFileReference; explicitFileType = "compiled.mach-o.dylib"; includeInIndex = 0; path = vq5lua.dylib; sourceTree = BUILT_PRODUCTS_DIR; };
		111AA45A0CE241D200395A6A /* liblua.dylib */ = {isa = PBXFileReference; lastKnownFileType = "compiled.mach-o.dylib"; name = liblua.dylib; path = "../../../../../Shared/Oss/ObjC/LuaObjCBridge-1.4.2/Source/build/Embedding/liblua.dylib"; sourceTree = SOURCE_ROOT; };
		111AB25B0CE27E6500395A6A /* vq5objc.framework */ = {isa = PBXFileReference; explicitFileType = wrapper.framework; includeInIndex = 0; path = vq5objc.framework; sourceTree = BUILT_PRODUCTS_DIR; };
		111AB25C0CE27E6500395A6A /* vq5objc-Info.plist */ = {isa = PBXFileReference; lastKnownFileType = text.plist.xml; path = "vq5objc-Info.plist"; sourceTree = "<group>"; };
		111AB2600CE27EA900395A6A /* vqobjc.h */ = {isa = PBXFileReference; fileEncoding = 4; lastKnownFileType = sourcecode.c.h; name = vqobjc.h; path = src/vqobjc.h; sourceTree = "<group>"; };
		111AB2610CE27EA900395A6A /* vqobjc.m */ = {isa = PBXFileReference; fileEncoding = 4; lastKnownFileType = sourcecode.c.objc; name = vqobjc.m; path = src/vqobjc.m; sourceTree = "<group>"; };
		111FCE0E0CA5DBFD00C4FBEA /* core.c */ = {isa = PBXFileReference; explicitFileType = sourcecode.c.c; fileEncoding = 30; name = core.c; path = src/core.c; sourceTree = "<group>"; };
		111FCE110CA5DC2100C4FBEA /* vqc.h */ = {isa = PBXFileReference; fileEncoding = 30; lastKnownFileType = sourcecode.c.h; name = vqc.h; path = src/vqc.h; sourceTree = "<group>"; };
		114FBB000CDCE53D000B5611 /* load.c */ = {isa = PBXFileReference; fileEncoding = 4; lastKnownFileType = sourcecode.c.c; name = load.c; path = src/load.c; sourceTree = "<group>"; };
		114FBBF50CDE1157000B5611 /* nullable.c */ = {isa = PBXFileReference; fileEncoding = 4; lastKnownFileType = sourcecode.c.c; name = nullable.c; path = src/nullable.c; sourceTree = "<group>"; };
		114FBC340CDE301E000B5611 /* mutable.c */ = {isa = PBXFileReference; fileEncoding = 4; lastKnownFileType = sourcecode.c.c; name = mutable.c; path = src/mutable.c; sourceTree = "<group>"; };
		1198A2100CDCBD23008D4837 /* reader.c */ = {isa = PBXFileReference; fileEncoding = 4; lastKnownFileType = sourcecode.c.c; name = reader.c; path = src/reader.c; sourceTree = "<group>"; };
		11A824C10CDF7B04000DD818 /* buffer.c */ = {isa = PBXFileReference; fileEncoding = 4; lastKnownFileType = sourcecode.c.c; name = buffer.c; path = src/buffer.c; sourceTree = "<group>"; };
		11D2FB220CB3A74B007C57D0 /* vqtcl.c */ = {isa = PBXFileReference; fileEncoding = 30; lastKnownFileType = sourcecode.c.c; name = vqtcl.c; path = src/vqtcl.c; sourceTree = "<group>"; };
		11D2FB350CB3A7CB007C57D0 /* libvq5tcl.dylib */ = {isa = PBXFileReference; explicitFileType = "compiled.mach-o.dylib"; includeInIndex = 0; path = libvq5tcl.dylib; sourceTree = BUILT_PRODUCTS_DIR; };
		11E080930CA710910000CF5A /* defs.h */ = {isa = PBXFileReference; fileEncoding = 30; lastKnownFileType = sourcecode.c.h; name = defs.h; path = src/defs.h; sourceTree = "<group>"; };
/* End PBXFileReference section */

/* Begin PBXFrameworksBuildPhase section */
		110665120CE1ACA5003ED04A /* Frameworks */ = {
			isa = PBXFrameworksBuildPhase;
			buildActionMask = 2147483647;
			files = (
				110672070CE1B3C1003ED04A /* Python.framework in Frameworks */,
			);
			runOnlyForDeploymentPostprocessing = 0;
		};
		110672400CE218D5003ED04A /* Frameworks */ = {
			isa = PBXFrameworksBuildPhase;
			buildActionMask = 2147483647;
			files = (
				111AA42A0CE2395400395A6A /* libruby.1.8.dylib in Frameworks */,
			);
			runOnlyForDeploymentPostprocessing = 0;
		};
		111AA4380CE23ED000395A6A /* Frameworks */ = {
			isa = PBXFrameworksBuildPhase;
			buildActionMask = 2147483647;
			files = (
				111AA45B0CE241D200395A6A /* liblua.dylib in Frameworks */,
			);
			runOnlyForDeploymentPostprocessing = 0;
		};
		111AB2590CE27E6500395A6A /* Frameworks */ = {
			isa = PBXFrameworksBuildPhase;
			buildActionMask = 2147483647;
			files = (
			);
			runOnlyForDeploymentPostprocessing = 0;
		};
		11D2FB330CB3A7CB007C57D0 /* Frameworks */ = {
			isa = PBXFrameworksBuildPhase;
			buildActionMask = 2147483647;
			files = (
			);
			runOnlyForDeploymentPostprocessing = 0;
		};
/* End PBXFrameworksBuildPhase section */

/* Begin PBXGroup section */
		08FB7794FE84155DC02AAC07 /* vqx */ = {
			isa = PBXGroup;
			children = (
				08FB7795FE84155DC02AAC07 /* Source */,
				111AB2AF0CE282C200395A6A /* Bindings */,
				110665320CE1AFD6003ED04A /* Libraries */,
				1AB674ADFE9D54B511CA2CBB /* Products */,
				111AB25C0CE27E6500395A6A /* vq5objc-Info.plist */,
			);
			name = vqx;
			sourceTree = "<group>";
		};
		08FB7795FE84155DC02AAC07 /* Source */ = {
			isa = PBXGroup;
			children = (
				111FCE110CA5DC2100C4FBEA /* vqc.h */,
				11E080930CA710910000CF5A /* defs.h */,
				11A824C10CDF7B04000DD818 /* buffer.c */,
				111FCE0E0CA5DBFD00C4FBEA /* core.c */,
				114FBB000CDCE53D000B5611 /* load.c */,
				114FBC340CDE301E000B5611 /* mutable.c */,
				114FBBF50CDE1157000B5611 /* nullable.c */,
				1198A2100CDCBD23008D4837 /* reader.c */,
				1119D43A0CE310A700A3B62A /* save.c */,
			);
			name = Source;
			sourceTree = "<group>";
		};
		110665320CE1AFD6003ED04A /* Libraries */ = {
			isa = PBXGroup;
			children = (
				111AA45A0CE241D200395A6A /* liblua.dylib */,
				110672060CE1B3C1003ED04A /* Python.framework */,
				111AA4290CE2395400395A6A /* libruby.1.8.dylib */,
			);
			name = Libraries;
			sourceTree = "<group>";
		};
		111AB2AF0CE282C200395A6A /* Bindings */ = {
			isa = PBXGroup;
			children = (
				111AB2600CE27EA900395A6A /* vqobjc.h */,
				111AB2610CE27EA900395A6A /* vqobjc.m */,
				11D2FB220CB3A74B007C57D0 /* vqtcl.c */,
			);
			name = Bindings;
			sourceTree = "<group>";
		};
		1AB674ADFE9D54B511CA2CBB /* Products */ = {
			isa = PBXGroup;
			children = (
				111AA43A0CE23ED000395A6A /* vq5lua.dylib */,
				110665140CE1ACA5003ED04A /* vq5py.so */,
				110672420CE218D5003ED04A /* vq5rb.dylib */,
				11D2FB350CB3A7CB007C57D0 /* libvq5tcl.dylib */,
				111AB25B0CE27E6500395A6A /* vq5objc.framework */,
			);
			name = Products;
			sourceTree = "<group>";
		};
/* End PBXGroup section */

/* Begin PBXHeadersBuildPhase section */
		110665100CE1ACA5003ED04A /* Headers */ = {
			isa = PBXHeadersBuildPhase;
			buildActionMask = 2147483647;
			files = (
			);
			runOnlyForDeploymentPostprocessing = 0;
		};
		1106723E0CE218D5003ED04A /* Headers */ = {
			isa = PBXHeadersBuildPhase;
			buildActionMask = 2147483647;
			files = (
			);
			runOnlyForDeploymentPostprocessing = 0;
		};
		111AA4360CE23ED000395A6A /* Headers */ = {
			isa = PBXHeadersBuildPhase;
			buildActionMask = 2147483647;
			files = (
			);
			runOnlyForDeploymentPostprocessing = 0;
		};
		111AB2560CE27E6500395A6A /* Headers */ = {
			isa = PBXHeadersBuildPhase;
			buildActionMask = 2147483647;
			files = (
				111AB2620CE27EA900395A6A /* vqobjc.h in Headers */,
			);
			runOnlyForDeploymentPostprocessing = 0;
		};
		11D2FB310CB3A7CB007C57D0 /* Headers */ = {
			isa = PBXHeadersBuildPhase;
			buildActionMask = 2147483647;
			files = (
				11D2FB3E0CB3A80F007C57D0 /* vqc.h in Headers */,
				11D2FB3F0CB3A810007C57D0 /* defs.h in Headers */,
			);
			runOnlyForDeploymentPostprocessing = 0;
		};
/* End PBXHeadersBuildPhase section */

/* Begin PBXNativeTarget section */
		110665130CE1ACA5003ED04A /* vq5py */ = {
			isa = PBXNativeTarget;
			buildConfigurationList = 110665170CE1ACF7003ED04A /* Build configuration list for PBXNativeTarget "vq5py" */;
			buildPhases = (
				110665100CE1ACA5003ED04A /* Headers */,
				110665110CE1ACA5003ED04A /* Sources */,
				110665120CE1ACA5003ED04A /* Frameworks */,
			);
			buildRules = (
			);
			dependencies = (
			);
			name = vq5py;
			productName = vq5py;
			productReference = 110665140CE1ACA5003ED04A /* vq5py.so */;
			productType = "com.apple.product-type.library.dynamic";
		};
		110672410CE218D5003ED04A /* vq5rb */ = {
			isa = PBXNativeTarget;
			buildConfigurationList = 110672470CE218F7003ED04A /* Build configuration list for PBXNativeTarget "vq5rb" */;
			buildPhases = (
				1106723E0CE218D5003ED04A /* Headers */,
				1106723F0CE218D5003ED04A /* Sources */,
				110672400CE218D5003ED04A /* Frameworks */,
			);
			buildRules = (
			);
			dependencies = (
			);
			name = vq5rb;
			productName = vq5rb;
			productReference = 110672420CE218D5003ED04A /* vq5rb.dylib */;
			productType = "com.apple.product-type.library.dynamic";
		};
		111AA4390CE23ED000395A6A /* vq5lua */ = {
			isa = PBXNativeTarget;
			buildConfigurationList = 111AA43F0CE23EF900395A6A /* Build configuration list for PBXNativeTarget "vq5lua" */;
			buildPhases = (
				111AA4360CE23ED000395A6A /* Headers */,
				111AA4370CE23ED000395A6A /* Sources */,
				111AA4380CE23ED000395A6A /* Frameworks */,
			);
			buildRules = (
			);
			dependencies = (
			);
			name = vq5lua;
			productName = vq5lua;
			productReference = 111AA43A0CE23ED000395A6A /* vq5lua.dylib */;
			productType = "com.apple.product-type.library.dynamic";
		};
		111AB25A0CE27E6500395A6A /* vq5objc */ = {
			isa = PBXNativeTarget;
			buildConfigurationList = 111AB25F0CE27E6500395A6A /* Build configuration list for PBXNativeTarget "vq5objc" */;
			buildPhases = (
				111AB2560CE27E6500395A6A /* Headers */,
				111AB2570CE27E6500395A6A /* Resources */,
				111AB2580CE27E6500395A6A /* Sources */,
				111AB2590CE27E6500395A6A /* Frameworks */,
			);
			buildRules = (
			);
			dependencies = (
			);
			name = vq5objc;
			productName = vq5objc;
			productReference = 111AB25B0CE27E6500395A6A /* vq5objc.framework */;
			productType = "com.apple.product-type.framework";
		};
		11D2FB340CB3A7CB007C57D0 /* vq5tcl */ = {
			isa = PBXNativeTarget;
			buildConfigurationList = 11D2FB400CB3A818007C57D0 /* Build configuration list for PBXNativeTarget "vq5tcl" */;
			buildPhases = (
				11D2FB310CB3A7CB007C57D0 /* Headers */,
				11D2FB320CB3A7CB007C57D0 /* Sources */,
				11D2FB330CB3A7CB007C57D0 /* Frameworks */,
			);
			buildRules = (
			);
			dependencies = (
			);
			name = vq5tcl;
			productName = libvq5;
			productReference = 11D2FB350CB3A7CB007C57D0 /* libvq5tcl.dylib */;
			productType = "com.apple.product-type.library.dynamic";
		};
/* End PBXNativeTarget section */

/* Begin PBXProject section */
		08FB7793FE84155DC02AAC07 /* Project object */ = {
			isa = PBXProject;
			buildConfigurationList = 1DEB928908733DD80010E9CD /* Build configuration list for PBXProject "vqx" */;
			compatibilityVersion = "Xcode 3.0";
			hasScannedForEncodings = 1;
			mainGroup = 08FB7794FE84155DC02AAC07 /* vqx */;
			projectDirPath = "";
			projectRoot = "";
			targets = (
				111AA46D0CE2422B00395A6A /* all */,
				111AA4390CE23ED000395A6A /* vq5lua */,
				110665130CE1ACA5003ED04A /* vq5py */,
				110672410CE218D5003ED04A /* vq5rb */,
				11D2FB340CB3A7CB007C57D0 /* vq5tcl */,
				111AB25A0CE27E6500395A6A /* vq5objc */,
			);
		};
/* End PBXProject section */

/* Begin PBXResourcesBuildPhase section */
		111AB2570CE27E6500395A6A /* Resources */ = {
			isa = PBXResourcesBuildPhase;
			buildActionMask = 2147483647;
			files = (
			);
			runOnlyForDeploymentPostprocessing = 0;
		};
/* End PBXResourcesBuildPhase section */

/* Begin PBXSourcesBuildPhase section */
		110665110CE1ACA5003ED04A /* Sources */ = {
			isa = PBXSourcesBuildPhase;
			buildActionMask = 2147483647;
			files = (
			);
			runOnlyForDeploymentPostprocessing = 0;
		};
		1106723F0CE218D5003ED04A /* Sources */ = {
			isa = PBXSourcesBuildPhase;
			buildActionMask = 2147483647;
			files = (
			);
			runOnlyForDeploymentPostprocessing = 0;
		};
		111AA4370CE23ED000395A6A /* Sources */ = {
			isa = PBXSourcesBuildPhase;
			buildActionMask = 2147483647;
			files = (
			);
			runOnlyForDeploymentPostprocessing = 0;
		};
		111AB2580CE27E6500395A6A /* Sources */ = {
			isa = PBXSourcesBuildPhase;
			buildActionMask = 2147483647;
			files = (
				111AB2630CE27EA900395A6A /* vqobjc.m in Sources */,
			);
			runOnlyForDeploymentPostprocessing = 0;
		};
		11D2FB320CB3A7CB007C57D0 /* Sources */ = {
			isa = PBXSourcesBuildPhase;
			buildActionMask = 2147483647;
			files = (
				11D2FB380CB3A7E3007C57D0 /* vqtcl.c in Sources */,
				11A808D10CDE9B39000DD818 /* core.c in Sources */,
				1198A2110CDCBD23008D4837 /* reader.c in Sources */,
				114FBB010CDCE53D000B5611 /* load.c in Sources */,
				114FBBF60CDE1157000B5611 /* nullable.c in Sources */,
				114FBC350CDE301E000B5611 /* mutable.c in Sources */,
				11A824C20CDF7B04000DD818 /* buffer.c in Sources */,
				1119D43B0CE310A700A3B62A /* save.c in Sources */,
			);
			runOnlyForDeploymentPostprocessing = 0;
		};
/* End PBXSourcesBuildPhase section */

/* Begin PBXTargetDependency section */
		111AA4710CE2423400395A6A /* PBXTargetDependency */ = {
			isa = PBXTargetDependency;
			target = 111AA4390CE23ED000395A6A /* vq5lua */;
			targetProxy = 111AA4700CE2423400395A6A /* PBXContainerItemProxy */;
		};
		111AA4730CE2423700395A6A /* PBXTargetDependency */ = {
			isa = PBXTargetDependency;
			target = 110665130CE1ACA5003ED04A /* vq5py */;
			targetProxy = 111AA4720CE2423700395A6A /* PBXContainerItemProxy */;
		};
		111AA4750CE2423B00395A6A /* PBXTargetDependency */ = {
			isa = PBXTargetDependency;
			target = 110672410CE218D5003ED04A /* vq5rb */;
			targetProxy = 111AA4740CE2423B00395A6A /* PBXContainerItemProxy */;
		};
		111AA4770CE2423E00395A6A /* PBXTargetDependency */ = {
			isa = PBXTargetDependency;
			target = 11D2FB340CB3A7CB007C57D0 /* vq5tcl */;
			targetProxy = 111AA4760CE2423E00395A6A /* PBXContainerItemProxy */;
		};
		111AB2A20CE2811200395A6A /* PBXTargetDependency */ = {
			isa = PBXTargetDependency;
			target = 111AB25A0CE27E6500395A6A /* vq5objc */;
			targetProxy = 111AB2A10CE2811200395A6A /* PBXContainerItemProxy */;
		};
/* End PBXTargetDependency section */

/* Begin XCBuildConfiguration section */
		110665150CE1ACA5003ED04A /* Debug */ = {
			isa = XCBuildConfiguration;
			buildSettings = {
				COPY_PHASE_STRIP = NO;
				EXECUTABLE_EXTENSION = so;
				GCC_DYNAMIC_NO_PIC = NO;
				GCC_ENABLE_FIX_AND_CONTINUE = YES;
				GCC_MODEL_TUNING = G5;
				GCC_OPTIMIZATION_LEVEL = 0;
				INSTALL_PATH = /usr/local/lib;
				PREBINDING = NO;
				PRODUCT_NAME = vq5py;
			};
			name = Debug;
		};
		110665160CE1ACA5003ED04A /* Release */ = {
			isa = XCBuildConfiguration;
			buildSettings = {
				COPY_PHASE_STRIP = YES;
				EXECUTABLE_EXTENSION = so;
				GCC_ENABLE_FIX_AND_CONTINUE = NO;
				GCC_MODEL_TUNING = G5;
				INSTALL_PATH = /usr/local/lib;
				PREBINDING = NO;
				PRODUCT_NAME = vq5py;
			};
			name = Release;
		};
		110672430CE218D6003ED04A /* Debug */ = {
			isa = XCBuildConfiguration;
			buildSettings = {
				COPY_PHASE_STRIP = NO;
				GCC_C_LANGUAGE_STANDARD = c99;
				GCC_DYNAMIC_NO_PIC = NO;
				GCC_MODEL_TUNING = G5;
				GCC_OPTIMIZATION_LEVEL = 0;
				HEADER_SEARCH_PATHS = "/usr/local/lib/ruby/1.8/i686-darwin9.0.0";
				INSTALL_PATH = /usr/local/lib;
				PREBINDING = NO;
				PRODUCT_NAME = vq5rb;
			};
			name = Debug;
		};
		110672440CE218D6003ED04A /* Release */ = {
			isa = XCBuildConfiguration;
			buildSettings = {
				COPY_PHASE_STRIP = YES;
				DEBUG_INFORMATION_FORMAT = "dwarf-with-dsym";
				GCC_C_LANGUAGE_STANDARD = c99;
				GCC_MODEL_TUNING = G5;
				HEADER_SEARCH_PATHS = "/usr/local/lib/ruby/1.8/i686-darwin9.0.0";
				INSTALL_PATH = /usr/local/lib;
				PREBINDING = NO;
				PRODUCT_NAME = vq5rb;
			};
			name = Release;
		};
		111AA43B0CE23ED000395A6A /* Debug */ = {
			isa = XCBuildConfiguration;
			buildSettings = {
				COPY_PHASE_STRIP = NO;
				GCC_DYNAMIC_NO_PIC = NO;
				GCC_ENABLE_FIX_AND_CONTINUE = YES;
				GCC_MODEL_TUNING = G5;
				GCC_OPTIMIZATION_LEVEL = 0;
				HEADER_SEARCH_PATHS = /usr/local/include;
				INSTALL_PATH = /usr/local/lib;
				LIBRARY_SEARCH_PATHS = (
					"$(inherited)",
					"\"$(SRCROOT)/../../../../../Shared/Oss/ObjC/LuaObjCBridge-1.4.2/Source/build/Embedding\"",
				);
				PREBINDING = NO;
				PRODUCT_NAME = vq5lua;
			};
			name = Debug;
		};
		111AA43C0CE23ED000395A6A /* Release */ = {
			isa = XCBuildConfiguration;
			buildSettings = {
				COPY_PHASE_STRIP = YES;
				DEBUG_INFORMATION_FORMAT = "dwarf-with-dsym";
				GCC_ENABLE_FIX_AND_CONTINUE = NO;
				GCC_MODEL_TUNING = G5;
				HEADER_SEARCH_PATHS = /usr/local/include;
				INSTALL_PATH = /usr/local/lib;
				LIBRARY_SEARCH_PATHS = (
					"$(inherited)",
					"\"$(SRCROOT)/../../../../../Shared/Oss/ObjC/LuaObjCBridge-1.4.2/Source/build/Embedding\"",
				);
				PREBINDING = NO;
				PRODUCT_NAME = vq5lua;
			};
			name = Release;
		};
		111AA46E0CE2422B00395A6A /* Debug */ = {
			isa = XCBuildConfiguration;
			buildSettings = {
				COPY_PHASE_STRIP = NO;
				GCC_DYNAMIC_NO_PIC = NO;
				GCC_OPTIMIZATION_LEVEL = 0;
				PRODUCT_NAME = all;
			};
			name = Debug;
		};
		111AA46F0CE2422B00395A6A /* Release */ = {
			isa = XCBuildConfiguration;
			buildSettings = {
				COPY_PHASE_STRIP = YES;
				DEBUG_INFORMATION_FORMAT = "dwarf-with-dsym";
				GCC_ENABLE_FIX_AND_CONTINUE = NO;
				PRODUCT_NAME = all;
				ZERO_LINK = NO;
			};
			name = Release;
		};
		111AB25D0CE27E6500395A6A /* Debug */ = {
			isa = XCBuildConfiguration;
			buildSettings = {
				COPY_PHASE_STRIP = NO;
				DYLIB_COMPATIBILITY_VERSION = 1;
				DYLIB_CURRENT_VERSION = 1;
				FRAMEWORK_VERSION = A;
				GCC_C_LANGUAGE_STANDARD = "compiler-default";
				GCC_DYNAMIC_NO_PIC = NO;
				GCC_ENABLE_FIX_AND_CONTINUE = YES;
				GCC_MODEL_TUNING = G5;
				GCC_OPTIMIZATION_LEVEL = 0;
				GCC_PRECOMPILE_PREFIX_HEADER = YES;
				GCC_PREFIX_HEADER = "$(SYSTEM_LIBRARY_DIR)/Frameworks/AppKit.framework/Headers/AppKit.h";
				INFOPLIST_FILE = "vq5objc-Info.plist";
				INSTALL_PATH = "$(HOME)/Library/Frameworks";
				OTHER_LDFLAGS = (
					"-framework",
					Foundation,
					"-framework",
					AppKit,
				);
				PREBINDING = NO;
				PRODUCT_NAME = vq5objc;
			};
			name = Debug;
		};
		111AB25E0CE27E6500395A6A /* Release */ = {
			isa = XCBuildConfiguration;
			buildSettings = {
				COPY_PHASE_STRIP = YES;
				DEBUG_INFORMATION_FORMAT = "dwarf-with-dsym";
				DYLIB_COMPATIBILITY_VERSION = 1;
				DYLIB_CURRENT_VERSION = 1;
				FRAMEWORK_VERSION = A;
				GCC_C_LANGUAGE_STANDARD = "compiler-default";
				GCC_ENABLE_FIX_AND_CONTINUE = NO;
				GCC_MODEL_TUNING = G5;
				GCC_PRECOMPILE_PREFIX_HEADER = YES;
				GCC_PREFIX_HEADER = "$(SYSTEM_LIBRARY_DIR)/Frameworks/AppKit.framework/Headers/AppKit.h";
				INFOPLIST_FILE = "vq5objc-Info.plist";
				INSTALL_PATH = "$(HOME)/Library/Frameworks";
				OTHER_LDFLAGS = (
					"-framework",
					Foundation,
					"-framework",
					AppKit,
				);
				PREBINDING = NO;
				PRODUCT_NAME = vq5objc;
			};
			name = Release;
		};
		11D2FB410CB3A818007C57D0 /* Debug */ = {
			isa = XCBuildConfiguration;
			buildSettings = {
				COPY_PHASE_STRIP = NO;
				GCC_DYNAMIC_NO_PIC = NO;
				GCC_ENABLE_FIX_AND_CONTINUE = YES;
				GCC_GENERATE_DEBUGGING_SYMBOLS = YES;
				GCC_MODEL_TUNING = G5;
				GCC_OPTIMIZATION_LEVEL = 0;
				INSTALL_PATH = /usr/local/lib;
				PREBINDING = NO;
				PRODUCT_NAME = libvq5tcl;
			};
			name = Debug;
		};
		11D2FB420CB3A818007C57D0 /* Release */ = {
			isa = XCBuildConfiguration;
			buildSettings = {
				COPY_PHASE_STRIP = YES;
				GCC_ENABLE_FIX_AND_CONTINUE = NO;
				GCC_GENERATE_DEBUGGING_SYMBOLS = NO;
				GCC_MODEL_TUNING = G5;
				INSTALL_PATH = /usr/local/lib;
				PREBINDING = NO;
				PRODUCT_NAME = libvq5tcl;
			};
			name = Release;
		};
		1DEB928A08733DD80010E9CD /* Debug */ = {
			isa = XCBuildConfiguration;
			buildSettings = {
				GCC_CW_ASM_SYNTAX = NO;
				GCC_C_LANGUAGE_STANDARD = ansi;
				GCC_DEBUGGING_SYMBOLS = full;
				GCC_ENABLE_CPP_EXCEPTIONS = NO;
				GCC_ENABLE_CPP_RTTI = NO;
				GCC_ENABLE_PASCAL_STRINGS = NO;
				GCC_OPTIMIZATION_LEVEL = 0;
				GCC_STRICT_ALIASING = YES;
				GCC_WARN_ABOUT_MISSING_NEWLINE = YES;
				GCC_WARN_ABOUT_MISSING_PROTOTYPES = YES;
				GCC_WARN_ABOUT_RETURN_TYPE = YES;
				GCC_WARN_CHECK_SWITCH_STATEMENTS = YES;
				GCC_WARN_FOUR_CHARACTER_CONSTANTS = YES;
				GCC_WARN_INITIALIZER_NOT_FULLY_BRACKETED = YES;
				GCC_WARN_MISSING_PARENTHESES = YES;
				GCC_WARN_PEDANTIC = YES;
				GCC_WARN_SHADOW = YES;
				GCC_WARN_SIGN_COMPARE = YES;
				GCC_WARN_TYPECHECK_CALLS_TO_PRINTF = YES;
				GCC_WARN_UNUSED_FUNCTION = YES;
				GCC_WARN_UNUSED_LABEL = YES;
				GCC_WARN_UNUSED_VARIABLE = YES;
				SDKROOT = "$(DEVELOPER_SDK_DIR)/MacOSX10.4u.sdk";
			};
			name = Debug;
		};
		1DEB928B08733DD80010E9CD /* Release */ = {
			isa = XCBuildConfiguration;
			buildSettings = {
				ARCHS = (
					ppc,
					ppc64,
					i386,
					x86_64,
				);
				GCC_CW_ASM_SYNTAX = NO;
				GCC_C_LANGUAGE_STANDARD = ansi;
				GCC_ENABLE_CPP_EXCEPTIONS = NO;
				GCC_ENABLE_CPP_RTTI = NO;
				GCC_ENABLE_PASCAL_STRINGS = NO;
				GCC_STRICT_ALIASING = YES;
				GCC_WARN_ABOUT_MISSING_NEWLINE = YES;
				GCC_WARN_ABOUT_MISSING_PROTOTYPES = YES;
				GCC_WARN_ABOUT_RETURN_TYPE = YES;
				GCC_WARN_CHECK_SWITCH_STATEMENTS = YES;
				GCC_WARN_FOUR_CHARACTER_CONSTANTS = YES;
				GCC_WARN_INITIALIZER_NOT_FULLY_BRACKETED = YES;
				GCC_WARN_MISSING_PARENTHESES = YES;
				GCC_WARN_PEDANTIC = YES;
				GCC_WARN_SHADOW = YES;
				GCC_WARN_SIGN_COMPARE = YES;
				GCC_WARN_TYPECHECK_CALLS_TO_PRINTF = YES;
				GCC_WARN_UNUSED_FUNCTION = YES;
				GCC_WARN_UNUSED_LABEL = YES;
				GCC_WARN_UNUSED_VARIABLE = YES;
				SDKROOT = "$(DEVELOPER_SDK_DIR)/MacOSX10.4u.sdk";
			};
			name = Release;
		};
/* End XCBuildConfiguration section */

/* Begin XCConfigurationList section */
		110665170CE1ACF7003ED04A /* Build configuration list for PBXNativeTarget "vq5py" */ = {
			isa = XCConfigurationList;
			buildConfigurations = (
				110665150CE1ACA5003ED04A /* Debug */,
				110665160CE1ACA5003ED04A /* Release */,
			);
			defaultConfigurationIsVisible = 0;
			defaultConfigurationName = Release;
		};
		110672470CE218F7003ED04A /* Build configuration list for PBXNativeTarget "vq5rb" */ = {
			isa = XCConfigurationList;
			buildConfigurations = (
				110672430CE218D6003ED04A /* Debug */,
				110672440CE218D6003ED04A /* Release */,
			);
			defaultConfigurationIsVisible = 0;
			defaultConfigurationName = Release;
		};
		111AA43F0CE23EF900395A6A /* Build configuration list for PBXNativeTarget "vq5lua" */ = {
			isa = XCConfigurationList;
			buildConfigurations = (
				111AA43B0CE23ED000395A6A /* Debug */,
				111AA43C0CE23ED000395A6A /* Release */,
			);
			defaultConfigurationIsVisible = 0;
			defaultConfigurationName = Release;
		};
		111AA47C0CE2425400395A6A /* Build configuration list for PBXAggregateTarget "all" */ = {
			isa = XCConfigurationList;
			buildConfigurations = (
				111AA46E0CE2422B00395A6A /* Debug */,
				111AA46F0CE2422B00395A6A /* Release */,
			);
			defaultConfigurationIsVisible = 0;
			defaultConfigurationName = Release;
		};
		111AB25F0CE27E6500395A6A /* Build configuration list for PBXNativeTarget "vq5objc" */ = {
			isa = XCConfigurationList;
			buildConfigurations = (
				111AB25D0CE27E6500395A6A /* Debug */,
				111AB25E0CE27E6500395A6A /* Release */,
			);
			defaultConfigurationIsVisible = 0;
			defaultConfigurationName = Release;
		};
		11D2FB400CB3A818007C57D0 /* Build configuration list for PBXNativeTarget "vq5tcl" */ = {
			isa = XCConfigurationList;
			buildConfigurations = (
				11D2FB410CB3A818007C57D0 /* Debug */,
				11D2FB420CB3A818007C57D0 /* Release */,
			);
			defaultConfigurationIsVisible = 0;
			defaultConfigurationName = Release;
		};
		1DEB928908733DD80010E9CD /* Build configuration list for PBXProject "vqx" */ = {
			isa = XCConfigurationList;
			buildConfigurations = (
				1DEB928A08733DD80010E9CD /* Debug */,
				1DEB928B08733DD80010E9CD /* Release */,
			);
			defaultConfigurationIsVisible = 0;
			defaultConfigurationName = Release;
		};
/* End XCConfigurationList section */
	};
	rootObject = 08FB7793FE84155DC02AAC07 /* Project object */;
}
