// !$*UTF8*$!
{
	archiveVersion = 1;
	classes = {
	};
	objectVersion = 44;
	objects = {

/* Begin PBXBuildFile section */
		1106652A0CE1AFB4003ED04A /* vqpy.c in Sources */ = {isa = PBXBuildFile; fileRef = 110665180CE1ACFA003ED04A /* vqpy.c */; };
		110672070CE1B3C1003ED04A /* Python.framework in Frameworks */ = {isa = PBXBuildFile; fileRef = 110672060CE1B3C1003ED04A /* Python.framework */; };
		114FBB010CDCE53D000B5611 /* mkload.c in Sources */ = {isa = PBXBuildFile; fileRef = 114FBB000CDCE53D000B5611 /* mkload.c */; };
		114FBBF60CDE1157000B5611 /* nullable.c in Sources */ = {isa = PBXBuildFile; fileRef = 114FBBF50CDE1157000B5611 /* nullable.c */; };
		114FBC350CDE301E000B5611 /* mutable.c in Sources */ = {isa = PBXBuildFile; fileRef = 114FBC340CDE301E000B5611 /* mutable.c */; };
		1198A2110CDCBD23008D4837 /* reader.c in Sources */ = {isa = PBXBuildFile; fileRef = 1198A2100CDCBD23008D4837 /* reader.c */; };
		11A808D10CDE9B39000DD818 /* core.c in Sources */ = {isa = PBXBuildFile; fileRef = 111FCE0E0CA5DBFD00C4FBEA /* core.c */; };
		11A824C20CDF7B04000DD818 /* buffer.c in Sources */ = {isa = PBXBuildFile; fileRef = 11A824C10CDF7B04000DD818 /* buffer.c */; };
		11D2FB380CB3A7E3007C57D0 /* vqtcl.c in Sources */ = {isa = PBXBuildFile; fileRef = 11D2FB220CB3A74B007C57D0 /* vqtcl.c */; };
		11D2FB3E0CB3A80F007C57D0 /* vqc.h in Headers */ = {isa = PBXBuildFile; fileRef = 111FCE110CA5DC2100C4FBEA /* vqc.h */; };
		11D2FB3F0CB3A810007C57D0 /* defs.h in Headers */ = {isa = PBXBuildFile; fileRef = 11E080930CA710910000CF5A /* defs.h */; };
/* End PBXBuildFile section */

/* Begin PBXFileReference section */
		110665140CE1ACA5003ED04A /* vq5py.so */ = {isa = PBXFileReference; explicitFileType = "compiled.mach-o.dylib"; includeInIndex = 0; path = vq5py.so; sourceTree = BUILT_PRODUCTS_DIR; };
		110665180CE1ACFA003ED04A /* vqpy.c */ = {isa = PBXFileReference; fileEncoding = 4; lastKnownFileType = sourcecode.c.c; name = vqpy.c; path = src/vqpy.c; sourceTree = "<group>"; };
		110672060CE1B3C1003ED04A /* Python.framework */ = {isa = PBXFileReference; lastKnownFileType = wrapper.framework; name = Python.framework; path = /Library/Frameworks/Python.framework; sourceTree = "<absolute>"; };
		111FCE0E0CA5DBFD00C4FBEA /* core.c */ = {isa = PBXFileReference; explicitFileType = sourcecode.c.c; fileEncoding = 30; name = core.c; path = src/core.c; sourceTree = "<group>"; };
		111FCE110CA5DC2100C4FBEA /* vqc.h */ = {isa = PBXFileReference; fileEncoding = 30; lastKnownFileType = sourcecode.c.h; name = vqc.h; path = src/vqc.h; sourceTree = "<group>"; };
		114FBB000CDCE53D000B5611 /* mkload.c */ = {isa = PBXFileReference; fileEncoding = 4; lastKnownFileType = sourcecode.c.c; name = mkload.c; path = src/mkload.c; sourceTree = "<group>"; };
		114FBBF50CDE1157000B5611 /* nullable.c */ = {isa = PBXFileReference; fileEncoding = 4; lastKnownFileType = sourcecode.c.c; name = nullable.c; path = src/nullable.c; sourceTree = "<group>"; };
		114FBC340CDE301E000B5611 /* mutable.c */ = {isa = PBXFileReference; fileEncoding = 4; lastKnownFileType = sourcecode.c.c; name = mutable.c; path = src/mutable.c; sourceTree = "<group>"; };
		1198A2100CDCBD23008D4837 /* reader.c */ = {isa = PBXFileReference; fileEncoding = 4; lastKnownFileType = sourcecode.c.c; name = reader.c; path = src/reader.c; sourceTree = "<group>"; };
		11A824C10CDF7B04000DD818 /* buffer.c */ = {isa = PBXFileReference; fileEncoding = 4; lastKnownFileType = sourcecode.c.c; name = buffer.c; path = src/buffer.c; sourceTree = "<group>"; };
		11D2FB220CB3A74B007C57D0 /* vqtcl.c */ = {isa = PBXFileReference; fileEncoding = 30; lastKnownFileType = sourcecode.c.c; name = vqtcl.c; path = src/vqtcl.c; sourceTree = "<group>"; };
		11D2FB350CB3A7CB007C57D0 /* libvq5tcl.dylib */ = {isa = PBXFileReference; explicitFileType = "compiled.mach-o.dylib"; includeInIndex = 0; path = libvq5tcl.dylib; sourceTree = BUILT_PRODUCTS_DIR; };
		11E080930CA710910000CF5A /* defs.h */ = {isa = PBXFileReference; fileEncoding = 30; lastKnownFileType = sourcecode.c.h; name = defs.h; path = src/defs.h; sourceTree = "<group>"; };
/* End PBXFileReference section */

/* Begin PBXFrameworksBuildPhase section */
		110665120CE1ACA5003ED04A /* Frameworks */ = {
			isa = PBXFrameworksBuildPhase;
			buildActionMask = 2147483647;
			files = (
				110672070CE1B3C1003ED04A /* Python.framework in Frameworks */,
			);
			runOnlyForDeploymentPostprocessing = 0;
		};
		11D2FB330CB3A7CB007C57D0 /* Frameworks */ = {
			isa = PBXFrameworksBuildPhase;
			buildActionMask = 2147483647;
			files = (
			);
			runOnlyForDeploymentPostprocessing = 0;
		};
/* End PBXFrameworksBuildPhase section */

/* Begin PBXGroup section */
		08FB7794FE84155DC02AAC07 /* vqx */ = {
			isa = PBXGroup;
			children = (
				08FB7795FE84155DC02AAC07 /* Source */,
				110665320CE1AFD6003ED04A /* Libraries */,
				1AB674ADFE9D54B511CA2CBB /* Products */,
			);
			name = vqx;
			sourceTree = "<group>";
		};
		08FB7795FE84155DC02AAC07 /* Source */ = {
			isa = PBXGroup;
			children = (
				111FCE110CA5DC2100C4FBEA /* vqc.h */,
				11E080930CA710910000CF5A /* defs.h */,
				11A824C10CDF7B04000DD818 /* buffer.c */,
				111FCE0E0CA5DBFD00C4FBEA /* core.c */,
				114FBB000CDCE53D000B5611 /* mkload.c */,
				114FBC340CDE301E000B5611 /* mutable.c */,
				114FBBF50CDE1157000B5611 /* nullable.c */,
				1198A2100CDCBD23008D4837 /* reader.c */,
				110665180CE1ACFA003ED04A /* vqpy.c */,
				11D2FB220CB3A74B007C57D0 /* vqtcl.c */,
			);
			name = Source;
			sourceTree = "<group>";
		};
		110665320CE1AFD6003ED04A /* Libraries */ = {
			isa = PBXGroup;
			children = (
				110672060CE1B3C1003ED04A /* Python.framework */,
			);
			name = Libraries;
			sourceTree = "<group>";
		};
		1AB674ADFE9D54B511CA2CBB /* Products */ = {
			isa = PBXGroup;
			children = (
				11D2FB350CB3A7CB007C57D0 /* libvq5tcl.dylib */,
				110665140CE1ACA5003ED04A /* vq5py.so */,
			);
			name = Products;
			sourceTree = "<group>";
		};
/* End PBXGroup section */

/* Begin PBXHeadersBuildPhase section */
		110665100CE1ACA5003ED04A /* Headers */ = {
			isa = PBXHeadersBuildPhase;
			buildActionMask = 2147483647;
			files = (
			);
			runOnlyForDeploymentPostprocessing = 0;
		};
		11D2FB310CB3A7CB007C57D0 /* Headers */ = {
			isa = PBXHeadersBuildPhase;
			buildActionMask = 2147483647;
			files = (
				11D2FB3E0CB3A80F007C57D0 /* vqc.h in Headers */,
				11D2FB3F0CB3A810007C57D0 /* defs.h in Headers */,
			);
			runOnlyForDeploymentPostprocessing = 0;
		};
/* End PBXHeadersBuildPhase section */

/* Begin PBXNativeTarget section */
		110665130CE1ACA5003ED04A /* vq5py (dyn) */ = {
			isa = PBXNativeTarget;
			buildConfigurationList = 110665170CE1ACF7003ED04A /* Build configuration list for PBXNativeTarget "vq5py (dyn)" */;
			buildPhases = (
				110665100CE1ACA5003ED04A /* Headers */,
				110665110CE1ACA5003ED04A /* Sources */,
				110665120CE1ACA5003ED04A /* Frameworks */,
			);
			buildRules = (
			);
			dependencies = (
			);
			name = "vq5py (dyn)";
			productName = vq5py;
			productReference = 110665140CE1ACA5003ED04A /* vq5py.so */;
			productType = "com.apple.product-type.library.dynamic";
		};
		11D2FB340CB3A7CB007C57D0 /* vq5tcl (dyn) */ = {
			isa = PBXNativeTarget;
			buildConfigurationList = 11D2FB400CB3A818007C57D0 /* Build configuration list for PBXNativeTarget "vq5tcl (dyn)" */;
			buildPhases = (
				11D2FB310CB3A7CB007C57D0 /* Headers */,
				11D2FB320CB3A7CB007C57D0 /* Sources */,
				11D2FB330CB3A7CB007C57D0 /* Frameworks */,
			);
			buildRules = (
			);
			dependencies = (
			);
			name = "vq5tcl (dyn)";
			productName = libvq5;
			productReference = 11D2FB350CB3A7CB007C57D0 /* libvq5tcl.dylib */;
			productType = "com.apple.product-type.library.dynamic";
		};
/* End PBXNativeTarget section */

/* Begin PBXProject section */
		08FB7793FE84155DC02AAC07 /* Project object */ = {
			isa = PBXProject;
			buildConfigurationList = 1DEB928908733DD80010E9CD /* Build configuration list for PBXProject "vqx" */;
			compatibilityVersion = "Xcode 3.0";
			hasScannedForEncodings = 1;
			mainGroup = 08FB7794FE84155DC02AAC07 /* vqx */;
			projectDirPath = "";
			projectRoot = "";
			targets = (
				11D2FB340CB3A7CB007C57D0 /* vq5tcl (dyn) */,
				110665130CE1ACA5003ED04A /* vq5py (dyn) */,
			);
		};
/* End PBXProject section */

/* Begin PBXSourcesBuildPhase section */
		110665110CE1ACA5003ED04A /* Sources */ = {
			isa = PBXSourcesBuildPhase;
			buildActionMask = 2147483647;
			files = (
				1106652A0CE1AFB4003ED04A /* vqpy.c in Sources */,
			);
			runOnlyForDeploymentPostprocessing = 0;
		};
		11D2FB320CB3A7CB007C57D0 /* Sources */ = {
			isa = PBXSourcesBuildPhase;
			buildActionMask = 2147483647;
			files = (
				11D2FB380CB3A7E3007C57D0 /* vqtcl.c in Sources */,
				11A808D10CDE9B39000DD818 /* core.c in Sources */,
				1198A2110CDCBD23008D4837 /* reader.c in Sources */,
				114FBB010CDCE53D000B5611 /* mkload.c in Sources */,
				114FBBF60CDE1157000B5611 /* nullable.c in Sources */,
				114FBC350CDE301E000B5611 /* mutable.c in Sources */,
				11A824C20CDF7B04000DD818 /* buffer.c in Sources */,
			);
			runOnlyForDeploymentPostprocessing = 0;
		};
/* End PBXSourcesBuildPhase section */

/* Begin XCBuildConfiguration section */
		110665150CE1ACA5003ED04A /* Debug */ = {
			isa = XCBuildConfiguration;
			buildSettings = {
				COPY_PHASE_STRIP = NO;
				EXECUTABLE_EXTENSION = so;
				GCC_DYNAMIC_NO_PIC = NO;
				GCC_ENABLE_FIX_AND_CONTINUE = YES;
				GCC_MODEL_TUNING = G5;
				GCC_OPTIMIZATION_LEVEL = 0;
				INSTALL_PATH = /usr/local/lib;
				PREBINDING = NO;
				PRODUCT_NAME = vq5py;
			};
			name = Debug;
		};
		110665160CE1ACA5003ED04A /* Release */ = {
			isa = XCBuildConfiguration;
			buildSettings = {
				COPY_PHASE_STRIP = YES;
				EXECUTABLE_EXTENSION = so;
				GCC_ENABLE_FIX_AND_CONTINUE = NO;
				GCC_MODEL_TUNING = G5;
				INSTALL_PATH = /usr/local/lib;
				PREBINDING = NO;
				PRODUCT_NAME = vq5py;
			};
			name = Release;
		};
		11D2FB410CB3A818007C57D0 /* Debug */ = {
			isa = XCBuildConfiguration;
			buildSettings = {
				COPY_PHASE_STRIP = NO;
				GCC_DYNAMIC_NO_PIC = NO;
				GCC_ENABLE_FIX_AND_CONTINUE = YES;
				GCC_GENERATE_DEBUGGING_SYMBOLS = YES;
				GCC_MODEL_TUNING = G5;
				GCC_OPTIMIZATION_LEVEL = 0;
				INSTALL_PATH = /usr/local/lib;
				PREBINDING = NO;
				PRODUCT_NAME = libvq5tcl;
			};
			name = Debug;
		};
		11D2FB420CB3A818007C57D0 /* Release */ = {
			isa = XCBuildConfiguration;
			buildSettings = {
				COPY_PHASE_STRIP = YES;
				GCC_ENABLE_FIX_AND_CONTINUE = NO;
				GCC_GENERATE_DEBUGGING_SYMBOLS = NO;
				GCC_MODEL_TUNING = G5;
				INSTALL_PATH = /usr/local/lib;
				PREBINDING = NO;
				PRODUCT_NAME = libvq5tcl;
			};
			name = Release;
		};
		1DEB928A08733DD80010E9CD /* Debug */ = {
			isa = XCBuildConfiguration;
			buildSettings = {
				GCC_CW_ASM_SYNTAX = NO;
				GCC_C_LANGUAGE_STANDARD = ansi;
				GCC_DEBUGGING_SYMBOLS = full;
				GCC_ENABLE_CPP_EXCEPTIONS = NO;
				GCC_ENABLE_CPP_RTTI = NO;
				GCC_ENABLE_PASCAL_STRINGS = NO;
				GCC_OPTIMIZATION_LEVEL = 0;
				GCC_STRICT_ALIASING = YES;
				GCC_WARN_ABOUT_MISSING_NEWLINE = YES;
				GCC_WARN_ABOUT_MISSING_PROTOTYPES = YES;
				GCC_WARN_ABOUT_RETURN_TYPE = YES;
				GCC_WARN_CHECK_SWITCH_STATEMENTS = YES;
				GCC_WARN_FOUR_CHARACTER_CONSTANTS = YES;
				GCC_WARN_INITIALIZER_NOT_FULLY_BRACKETED = YES;
				GCC_WARN_MISSING_PARENTHESES = YES;
				GCC_WARN_PEDANTIC = YES;
				GCC_WARN_SHADOW = YES;
				GCC_WARN_SIGN_COMPARE = YES;
				GCC_WARN_TYPECHECK_CALLS_TO_PRINTF = YES;
				GCC_WARN_UNUSED_FUNCTION = YES;
				GCC_WARN_UNUSED_LABEL = YES;
				GCC_WARN_UNUSED_VARIABLE = YES;
				SDKROOT = "$(DEVELOPER_SDK_DIR)/MacOSX10.4u.sdk";
			};
			name = Debug;
		};
		1DEB928B08733DD80010E9CD /* Release */ = {
			isa = XCBuildConfiguration;
			buildSettings = {
				ARCHS = (
					ppc,
					ppc64,
					i386,
					x86_64,
				);
				GCC_CW_ASM_SYNTAX = NO;
				GCC_C_LANGUAGE_STANDARD = ansi;
				GCC_ENABLE_CPP_EXCEPTIONS = NO;
				GCC_ENABLE_CPP_RTTI = NO;
				GCC_ENABLE_PASCAL_STRINGS = NO;
				GCC_STRICT_ALIASING = YES;
				GCC_WARN_ABOUT_MISSING_NEWLINE = YES;
				GCC_WARN_ABOUT_MISSING_PROTOTYPES = YES;
				GCC_WARN_ABOUT_RETURN_TYPE = YES;
				GCC_WARN_CHECK_SWITCH_STATEMENTS = YES;
				GCC_WARN_FOUR_CHARACTER_CONSTANTS = YES;
				GCC_WARN_INITIALIZER_NOT_FULLY_BRACKETED = YES;
				GCC_WARN_MISSING_PARENTHESES = YES;
				GCC_WARN_PEDANTIC = YES;
				GCC_WARN_SHADOW = YES;
				GCC_WARN_SIGN_COMPARE = YES;
				GCC_WARN_TYPECHECK_CALLS_TO_PRINTF = YES;
				GCC_WARN_UNUSED_FUNCTION = YES;
				GCC_WARN_UNUSED_LABEL = YES;
				GCC_WARN_UNUSED_VARIABLE = YES;
				SDKROOT = "$(DEVELOPER_SDK_DIR)/MacOSX10.4u.sdk";
			};
			name = Release;
		};
/* End XCBuildConfiguration section */

/* Begin XCConfigurationList section */
		110665170CE1ACF7003ED04A /* Build configuration list for PBXNativeTarget "vq5py (dyn)" */ = {
			isa = XCConfigurationList;
			buildConfigurations = (
				110665150CE1ACA5003ED04A /* Debug */,
				110665160CE1ACA5003ED04A /* Release */,
			);
			defaultConfigurationIsVisible = 0;
			defaultConfigurationName = Release;
		};
		11D2FB400CB3A818007C57D0 /* Build configuration list for PBXNativeTarget "vq5tcl (dyn)" */ = {
			isa = XCConfigurationList;
			buildConfigurations = (
				11D2FB410CB3A818007C57D0 /* Debug */,
				11D2FB420CB3A818007C57D0 /* Release */,
			);
			defaultConfigurationIsVisible = 0;
			defaultConfigurationName = Release;
		};
		1DEB928908733DD80010E9CD /* Build configuration list for PBXProject "vqx" */ = {
			isa = XCConfigurationList;
			buildConfigurations = (
				1DEB928A08733DD80010E9CD /* Debug */,
				1DEB928B08733DD80010E9CD /* Release */,
			);
			defaultConfigurationIsVisible = 0;
			defaultConfigurationName = Release;
		};
/* End XCConfigurationList section */
	};
	rootObject = 08FB7793FE84155DC02AAC07 /* Project object */;
}
