// !$*UTF8*$!
{
	archiveVersion = 1;
	classes = {
	};
	objectVersion = 42;
	objects = {

/* Begin PBXBuildFile section */
		110F08FF0ACF4E4300A4BC4B /* pkgIndex.tcl in CopyFiles */ = {isa = PBXBuildFile; fileRef = 110F08FC0ACF4E1C00A4BC4B /* pkgIndex.tcl */; };
		114E145B0AF65A08009A2605 /* emit.c in Sources */ = {isa = PBXBuildFile; fileRef = 114E145A0AF65A08009A2605 /* emit.c */; };
		1153EB8B0AC7E0DA00BC5C12 /* column.c in Sources */ = {isa = PBXBuildFile; fileRef = 1153EB7A0AC7E0DA00BC5C12 /* column.c */; };
		1153EB8C0AC7E0DA00BC5C12 /* intern.h in Headers */ = {isa = PBXBuildFile; fileRef = 1153EB7B0AC7E0DA00BC5C12 /* intern.h */; };
		1153EB8D0AC7E0DA00BC5C12 /* getters.c in Sources */ = {isa = PBXBuildFile; fileRef = 1153EB7C0AC7E0DA00BC5C12 /* getters.c */; };
		1153EB8F0AC7E0DA00BC5C12 /* file.c in Sources */ = {isa = PBXBuildFile; fileRef = 1153EB7E0AC7E0DA00BC5C12 /* file.c */; };
		1153EB910AC7E0DA00BC5C12 /* mutable.c in Sources */ = {isa = PBXBuildFile; fileRef = 1153EB800AC7E0DA00BC5C12 /* mutable.c */; };
		1153EB990AC7E0DA00BC5C12 /* view.c in Sources */ = {isa = PBXBuildFile; fileRef = 1153EB890AC7E0DA00BC5C12 /* view.c */; };
		116AF8EF0AD494A700731737 /* indirect.c in Sources */ = {isa = PBXBuildFile; fileRef = 116AF8ED0AD494A700731737 /* indirect.c */; };
		116AF9060AD50ED800731737 /* sorted.c in Sources */ = {isa = PBXBuildFile; fileRef = 116AF9040AD50ED800731737 /* sorted.c */; };
		1184F7800B315B21008FD916 /* bits.c in Sources */ = {isa = PBXBuildFile; fileRef = 1184F77F0B315B21008FD916 /* bits.c */; };
		119D12D80AD7D32F00C9CC2B /* wrap_gen.c in Sources */ = {isa = PBXBuildFile; fileRef = 119D12D60AD7D32F00C9CC2B /* wrap_gen.c */; };
		119D12D90AD7D32F00C9CC2B /* wrap_gen.h in Headers */ = {isa = PBXBuildFile; fileRef = 119D12D70AD7D32F00C9CC2B /* wrap_gen.h */; };
		119D12DB0AD7D35900C9CC2B /* opdefs_gen.h in Headers */ = {isa = PBXBuildFile; fileRef = 119D12DA0AD7D35900C9CC2B /* opdefs_gen.h */; };
		11A263370B01307500B9C2B3 /* cmds.c in Sources */ = {isa = PBXBuildFile; fileRef = 11A263350B01307500B9C2B3 /* cmds.c */; };
		11A263380B01307500B9C2B3 /* loop.c in Sources */ = {isa = PBXBuildFile; fileRef = 11A263360B01307500B9C2B3 /* loop.c */; };
		11BD89140AD1136500BABE25 /* colobj.c in Sources */ = {isa = PBXBuildFile; fileRef = 11BD890E0AD1136500BABE25 /* colobj.c */; };
		11BD89150AD1136500BABE25 /* defs.h in Headers */ = {isa = PBXBuildFile; fileRef = 11BD890F0AD1136500BABE25 /* defs.h */; };
		11BD89160AD1136500BABE25 /* ext_tcl.c in Sources */ = {isa = PBXBuildFile; fileRef = 11BD89100AD1136500BABE25 /* ext_tcl.c */; };
		11BD89170AD1136500BABE25 /* ext_tcl.h in Headers */ = {isa = PBXBuildFile; fileRef = 11BD89110AD1136500BABE25 /* ext_tcl.h */; };
		11BD89180AD1136500BABE25 /* stubs.h in Headers */ = {isa = PBXBuildFile; fileRef = 11BD89120AD1136500BABE25 /* stubs.h */; };
		11BD89190AD1136500BABE25 /* viewobj.c in Sources */ = {isa = PBXBuildFile; fileRef = 11BD89130AD1136500BABE25 /* viewobj.c */; };
		11C713CE0AD3D714007782A0 /* buffer.c in Sources */ = {isa = PBXBuildFile; fileRef = 11C713CC0AD3D714007782A0 /* buffer.c */; };
		11C713D20AD3D71F007782A0 /* hash.c in Sources */ = {isa = PBXBuildFile; fileRef = 11C713D00AD3D71F007782A0 /* hash.c */; };
/* End PBXBuildFile section */

/* Begin PBXCopyFilesBuildPhase section */
		110F08FD0ACF4E2A00A4BC4B /* CopyFiles */ = {
			isa = PBXCopyFilesBuildPhase;
			buildActionMask = 2147483647;
			dstPath = "";
			dstSubfolderSpec = 16;
			files = (
				110F08FF0ACF4E4300A4BC4B /* pkgIndex.tcl in CopyFiles */,
			);
			runOnlyForDeploymentPostprocessing = 0;
		};
/* End PBXCopyFilesBuildPhase section */

/* Begin PBXFileReference section */
		110F08FC0ACF4E1C00A4BC4B /* pkgIndex.tcl */ = {isa = PBXFileReference; fileEncoding = 30; lastKnownFileType = text; path = pkgIndex.tcl; sourceTree = SOURCE_ROOT; };
		1121317C0AC7E6FE00D90B6D /* xcode-tests.tcl */ = {isa = PBXFileReference; fileEncoding = 30; lastKnownFileType = text; name = "xcode-tests.tcl"; path = "etc/xcode-tests.tcl"; sourceTree = SOURCE_ROOT; };
		114E145A0AF65A08009A2605 /* emit.c */ = {isa = PBXFileReference; fileEncoding = 30; lastKnownFileType = sourcecode.c.c; path = emit.c; sourceTree = "<group>"; };
		1153EB310AC7DCCF00BC5C12 /* libvlerq4.dylib */ = {isa = PBXFileReference; explicitFileType = "compiled.mach-o.dylib"; includeInIndex = 0; path = libvlerq4.dylib; sourceTree = BUILT_PRODUCTS_DIR; };
		1153EB7A0AC7E0DA00BC5C12 /* column.c */ = {isa = PBXFileReference; fileEncoding = 30; lastKnownFileType = sourcecode.c.c; name = column.c; path = src/column.c; sourceTree = SOURCE_ROOT; wrapsLines = 0; };
		1153EB7B0AC7E0DA00BC5C12 /* intern.h */ = {isa = PBXFileReference; fileEncoding = 30; lastKnownFileType = sourcecode.c.h; name = intern.h; path = src/intern.h; sourceTree = "<group>"; };
		1153EB7C0AC7E0DA00BC5C12 /* getters.c */ = {isa = PBXFileReference; fileEncoding = 30; lastKnownFileType = sourcecode.c.c; name = getters.c; path = src/getters.c; sourceTree = SOURCE_ROOT; };
		1153EB7E0AC7E0DA00BC5C12 /* file.c */ = {isa = PBXFileReference; fileEncoding = 30; lastKnownFileType = sourcecode.c.c; name = file.c; path = src/file.c; sourceTree = SOURCE_ROOT; };
		1153EB800AC7E0DA00BC5C12 /* mutable.c */ = {isa = PBXFileReference; fileEncoding = 30; lastKnownFileType = sourcecode.c.c; name = mutable.c; path = src/mutable.c; sourceTree = SOURCE_ROOT; };
		1153EB890AC7E0DA00BC5C12 /* view.c */ = {isa = PBXFileReference; fileEncoding = 30; lastKnownFileType = sourcecode.c.c; name = view.c; path = src/view.c; sourceTree = SOURCE_ROOT; };
		116AF8ED0AD494A700731737 /* indirect.c */ = {isa = PBXFileReference; fileEncoding = 30; lastKnownFileType = sourcecode.c.c; name = indirect.c; path = src/indirect.c; sourceTree = SOURCE_ROOT; };
		116AF9040AD50ED800731737 /* sorted.c */ = {isa = PBXFileReference; fileEncoding = 30; lastKnownFileType = sourcecode.c.c; name = sorted.c; path = src/sorted.c; sourceTree = SOURCE_ROOT; };
		1184F77F0B315B21008FD916 /* bits.c */ = {isa = PBXFileReference; fileEncoding = 30; lastKnownFileType = sourcecode.c.c; path = bits.c; sourceTree = "<group>"; };
		119D12D60AD7D32F00C9CC2B /* wrap_gen.c */ = {isa = PBXFileReference; fileEncoding = 30; lastKnownFileType = sourcecode.c.c; path = wrap_gen.c; sourceTree = "<group>"; };
		119D12D70AD7D32F00C9CC2B /* wrap_gen.h */ = {isa = PBXFileReference; fileEncoding = 30; lastKnownFileType = sourcecode.c.h; name = wrap_gen.h; path = src/wrap_gen.h; sourceTree = "<group>"; };
		119D12DA0AD7D35900C9CC2B /* opdefs_gen.h */ = {isa = PBXFileReference; fileEncoding = 30; lastKnownFileType = sourcecode.c.h; name = opdefs_gen.h; path = src_tcl/opdefs_gen.h; sourceTree = "<group>"; };
		11A263350B01307500B9C2B3 /* cmds.c */ = {isa = PBXFileReference; fileEncoding = 30; lastKnownFileType = sourcecode.c.c; name = cmds.c; path = ../src_tcl/cmds.c; sourceTree = "<group>"; };
		11A263360B01307500B9C2B3 /* loop.c */ = {isa = PBXFileReference; fileEncoding = 30; lastKnownFileType = sourcecode.c.c; name = loop.c; path = ../src_tcl/loop.c; sourceTree = "<group>"; };
		11BD890E0AD1136500BABE25 /* colobj.c */ = {isa = PBXFileReference; fileEncoding = 30; lastKnownFileType = sourcecode.c.c; name = colobj.c; path = src_tcl/colobj.c; sourceTree = SOURCE_ROOT; };
		11BD890F0AD1136500BABE25 /* defs.h */ = {isa = PBXFileReference; fileEncoding = 30; lastKnownFileType = sourcecode.c.h; name = defs.h; path = src_tcl/defs.h; sourceTree = SOURCE_ROOT; };
		11BD89100AD1136500BABE25 /* ext_tcl.c */ = {isa = PBXFileReference; fileEncoding = 30; lastKnownFileType = sourcecode.c.c; name = ext_tcl.c; path = src_tcl/ext_tcl.c; sourceTree = SOURCE_ROOT; };
		11BD89110AD1136500BABE25 /* ext_tcl.h */ = {isa = PBXFileReference; fileEncoding = 30; lastKnownFileType = sourcecode.c.h; name = ext_tcl.h; path = src_tcl/ext_tcl.h; sourceTree = SOURCE_ROOT; };
		11BD89120AD1136500BABE25 /* stubs.h */ = {isa = PBXFileReference; fileEncoding = 30; lastKnownFileType = sourcecode.c.h; name = stubs.h; path = src_tcl/stubs.h; sourceTree = SOURCE_ROOT; };
		11BD89130AD1136500BABE25 /* viewobj.c */ = {isa = PBXFileReference; fileEncoding = 30; lastKnownFileType = sourcecode.c.c; name = viewobj.c; path = src_tcl/viewobj.c; sourceTree = SOURCE_ROOT; };
		11C713CC0AD3D714007782A0 /* buffer.c */ = {isa = PBXFileReference; fileEncoding = 30; lastKnownFileType = sourcecode.c.c; name = buffer.c; path = src/buffer.c; sourceTree = SOURCE_ROOT; };
		11C713D00AD3D71F007782A0 /* hash.c */ = {isa = PBXFileReference; fileEncoding = 30; lastKnownFileType = sourcecode.c.c; name = hash.c; path = src/hash.c; sourceTree = SOURCE_ROOT; };
/* End PBXFileReference section */

/* Begin PBXFrameworksBuildPhase section */
		1153EB2F0AC7DCCF00BC5C12 /* Frameworks */ = {
			isa = PBXFrameworksBuildPhase;
			buildActionMask = 2147483647;
			files = (
			);
			runOnlyForDeploymentPostprocessing = 0;
		};
/* End PBXFrameworksBuildPhase section */

/* Begin PBXGroup section */
		110F09870ACF546A00A4BC4B /* scripts */ = {
			isa = PBXGroup;
			children = (
				110F08FC0ACF4E1C00A4BC4B /* pkgIndex.tcl */,
				1121317C0AC7E6FE00D90B6D /* xcode-tests.tcl */,
			);
			name = scripts;
			sourceTree = SOURCE_ROOT;
		};
		1153EB220AC7DCA700BC5C12 = {
			isa = PBXGroup;
			children = (
				110F09870ACF546A00A4BC4B /* scripts */,
				116AF90E0AD50F8100731737 /* headers */,
				1153EB790AC7E0DA00BC5C12 /* src */,
				1153EB320AC7DCCF00BC5C12 /* Products */,
			);
			sourceTree = "<group>";
		};
		1153EB320AC7DCCF00BC5C12 /* Products */ = {
			isa = PBXGroup;
			children = (
				1153EB310AC7DCCF00BC5C12 /* libvlerq4.dylib */,
			);
			name = Products;
			sourceTree = "<group>";
		};
		1153EB790AC7E0DA00BC5C12 /* src */ = {
			isa = PBXGroup;
			children = (
				1184F77F0B315B21008FD916 /* bits.c */,
				11C713CC0AD3D714007782A0 /* buffer.c */,
				11A263350B01307500B9C2B3 /* cmds.c */,
				11BD890E0AD1136500BABE25 /* colobj.c */,
				1153EB7A0AC7E0DA00BC5C12 /* column.c */,
				114E145A0AF65A08009A2605 /* emit.c */,
				11BD89100AD1136500BABE25 /* ext_tcl.c */,
				1153EB7E0AC7E0DA00BC5C12 /* file.c */,
				1153EB7C0AC7E0DA00BC5C12 /* getters.c */,
				11C713D00AD3D71F007782A0 /* hash.c */,
				116AF8ED0AD494A700731737 /* indirect.c */,
				11A263360B01307500B9C2B3 /* loop.c */,
				1153EB800AC7E0DA00BC5C12 /* mutable.c */,
				116AF9040AD50ED800731737 /* sorted.c */,
				1153EB890AC7E0DA00BC5C12 /* view.c */,
				11BD89130AD1136500BABE25 /* viewobj.c */,
				119D12D60AD7D32F00C9CC2B /* wrap_gen.c */,
			);
			path = src;
			sourceTree = "<group>";
		};
		116AF90E0AD50F8100731737 /* headers */ = {
			isa = PBXGroup;
			children = (
				11BD890F0AD1136500BABE25 /* defs.h */,
				11BD89110AD1136500BABE25 /* ext_tcl.h */,
				1153EB7B0AC7E0DA00BC5C12 /* intern.h */,
				119D12DA0AD7D35900C9CC2B /* opdefs_gen.h */,
				11BD89120AD1136500BABE25 /* stubs.h */,
				119D12D70AD7D32F00C9CC2B /* wrap_gen.h */,
			);
			name = headers;
			sourceTree = SOURCE_ROOT;
		};
/* End PBXGroup section */

/* Begin PBXHeadersBuildPhase section */
		1153EB2D0AC7DCCF00BC5C12 /* Headers */ = {
			isa = PBXHeadersBuildPhase;
			buildActionMask = 2147483647;
			files = (
				1153EB8C0AC7E0DA00BC5C12 /* intern.h in Headers */,
				11BD89150AD1136500BABE25 /* defs.h in Headers */,
				11BD89170AD1136500BABE25 /* ext_tcl.h in Headers */,
				11BD89180AD1136500BABE25 /* stubs.h in Headers */,
				119D12D90AD7D32F00C9CC2B /* wrap_gen.h in Headers */,
				119D12DB0AD7D35900C9CC2B /* opdefs_gen.h in Headers */,
			);
			runOnlyForDeploymentPostprocessing = 0;
		};
/* End PBXHeadersBuildPhase section */

/* Begin PBXNativeTarget section */
		1153EB300AC7DCCF00BC5C12 /* vlerq4 */ = {
			isa = PBXNativeTarget;
			buildConfigurationList = 1153EB330AC7DCCF00BC5C12 /* Build configuration list for PBXNativeTarget "vlerq4" */;
			buildPhases = (
				1153EB2D0AC7DCCF00BC5C12 /* Headers */,
				1153EB2E0AC7DCCF00BC5C12 /* Sources */,
				1153EB2F0AC7DCCF00BC5C12 /* Frameworks */,
				110F08FD0ACF4E2A00A4BC4B /* CopyFiles */,
			);
			buildRules = (
			);
			dependencies = (
			);
			name = vlerq4;
			productName = vlerq4;
			productReference = 1153EB310AC7DCCF00BC5C12 /* libvlerq4.dylib */;
			productType = "com.apple.product-type.library.dynamic";
		};
/* End PBXNativeTarget section */

/* Begin PBXProject section */
		1153EB240AC7DCA700BC5C12 /* Project object */ = {
			isa = PBXProject;
			buildConfigurationList = 1153EB250AC7DCA700BC5C12 /* Build configuration list for PBXProject "vlerq" */;
			hasScannedForEncodings = 0;
			mainGroup = 1153EB220AC7DCA700BC5C12;
			productRefGroup = 1153EB320AC7DCCF00BC5C12 /* Products */;
			projectDirPath = "";
			targets = (
				1153EB300AC7DCCF00BC5C12 /* vlerq4 */,
			);
		};
/* End PBXProject section */

/* Begin PBXSourcesBuildPhase section */
		1153EB2E0AC7DCCF00BC5C12 /* Sources */ = {
			isa = PBXSourcesBuildPhase;
			buildActionMask = 2147483647;
			files = (
				1153EB8B0AC7E0DA00BC5C12 /* column.c in Sources */,
				1153EB8D0AC7E0DA00BC5C12 /* getters.c in Sources */,
				1153EB8F0AC7E0DA00BC5C12 /* file.c in Sources */,
				1153EB910AC7E0DA00BC5C12 /* mutable.c in Sources */,
				1153EB990AC7E0DA00BC5C12 /* view.c in Sources */,
				11BD89140AD1136500BABE25 /* colobj.c in Sources */,
				11BD89160AD1136500BABE25 /* ext_tcl.c in Sources */,
				11BD89190AD1136500BABE25 /* viewobj.c in Sources */,
				11C713CE0AD3D714007782A0 /* buffer.c in Sources */,
				11C713D20AD3D71F007782A0 /* hash.c in Sources */,
				116AF8EF0AD494A700731737 /* indirect.c in Sources */,
				116AF9060AD50ED800731737 /* sorted.c in Sources */,
				119D12D80AD7D32F00C9CC2B /* wrap_gen.c in Sources */,
				114E145B0AF65A08009A2605 /* emit.c in Sources */,
				11A263370B01307500B9C2B3 /* cmds.c in Sources */,
				11A263380B01307500B9C2B3 /* loop.c in Sources */,
				1184F7800B315B21008FD916 /* bits.c in Sources */,
			);
			runOnlyForDeploymentPostprocessing = 0;
		};
/* End PBXSourcesBuildPhase section */

/* Begin XCBuildConfiguration section */
		1153EB260AC7DCA700BC5C12 /* Debug */ = {
			isa = XCBuildConfiguration;
			buildSettings = {
				ALWAYS_SEARCH_USER_PATHS = NO;
				GCC_OPTIMIZATION_LEVEL = 0;
				GCC_PREPROCESSOR_DEFINITIONS = DEBUG;
				PREBINDING = NO;
				SDKROOT = /Developer/SDKs/MacOSX10.4u.sdk;
				USER_HEADER_SEARCH_PATHS = src_tcl;
			};
			name = Debug;
		};
		1153EB270AC7DCA700BC5C12 /* Release */ = {
			isa = XCBuildConfiguration;
			buildSettings = {
				ALWAYS_SEARCH_USER_PATHS = NO;
				ARCHS = (
					ppc,
					ppc64,
					i386,
					x86_64,
				);
				DEPLOYMENT_POSTPROCESSING = YES;
				GCC_AUTO_VECTORIZATION = YES;
				GCC_GENERATE_DEBUGGING_SYMBOLS = NO;
				GCC_OPTIMIZATION_LEVEL = s;
				GCC_WARN_PEDANTIC = YES;
				PREBINDING = NO;
				SDKROOT = /Developer/SDKs/MacOSX10.4u.sdk;
				USER_HEADER_SEARCH_PATHS = src_tcl;
			};
			name = Release;
		};
		1153EB340AC7DCCF00BC5C12 /* Debug */ = {
			isa = XCBuildConfiguration;
			buildSettings = {
				PRODUCT_NAME = libvlerq4;
			};
			name = Debug;
		};
		1153EB350AC7DCCF00BC5C12 /* Release */ = {
			isa = XCBuildConfiguration;
			buildSettings = {
				EXPORTED_SYMBOLS_FILE = make.syms;
				PRODUCT_NAME = libvlerq4;
			};
			name = Release;
		};
/* End XCBuildConfiguration section */

/* Begin XCConfigurationList section */
		1153EB250AC7DCA700BC5C12 /* Build configuration list for PBXProject "vlerq" */ = {
			isa = XCConfigurationList;
			buildConfigurations = (
				1153EB260AC7DCA700BC5C12 /* Debug */,
				1153EB270AC7DCA700BC5C12 /* Release */,
			);
			defaultConfigurationIsVisible = 0;
			defaultConfigurationName = Debug;
		};
		1153EB330AC7DCCF00BC5C12 /* Build configuration list for PBXNativeTarget "vlerq4" */ = {
			isa = XCConfigurationList;
			buildConfigurations = (
				1153EB340AC7DCCF00BC5C12 /* Debug */,
				1153EB350AC7DCCF00BC5C12 /* Release */,
			);
			defaultConfigurationIsVisible = 0;
			defaultConfigurationName = Debug;
		};
/* End XCConfigurationList section */
	};
	rootObject = 1153EB240AC7DCA700BC5C12 /* Project object */;
}
